
Microsoft Visual Studio Solution File, Format Version 12.00
# Visual Studio Version 17
VisualStudioVersion = 17.12.35506.116 d17.12
MinimumVisualStudioVersion = 10.0.40219.1
Project("{FAE04EC0-301F-11D3-BF4B-00C04F79EFBC}") = "ProjetoDAM", "ProjetoDAM\ProjetoDAM.csproj", "{B419B1B8-2E8C-4094-B061-6E860F6FA122}"
EndProject
Global
	GlobalSection(SolutionConfigurationPlatforms) = preSolution
		Debug|Any CPU = Debug|Any CPU
		Release|Any CPU = Release|Any CPU
	EndGlobalSection
	GlobalSection(ProjectConfigurationPlatforms) = postSolution
		{B419B1B8-2E8C-4094-B061-6E860F6FA122}.Debug|Any CPU.ActiveCfg = Debug|Any CPU
		{B419B1B8-2E8C-4094-B061-6E860F6FA122}.Debug|Any CPU.Build.0 = Debug|Any CPU
		{B419B1B8-2E8C-4094-B061-6E860F6FA122}.Release|Any CPU.ActiveCfg = Release|Any CPU
		{B419B1B8-2E8C-4094-B061-6E860F6FA122}.Release|Any CPU.Build.0 = Release|Any CPU
	EndGlobalSection
	GlobalSection(SolutionProperties) = preSolution
		HideSolutionNode = FALSE
	EndGlobalSection
EndGlobal
